
Microsoft Visual Studio Solution File, Format Version 12.00
# Visual Studio Version 16
VisualStudioVersion = 16.0.31624.102
MinimumVisualStudioVersion = 10.0.40219.1
Project("{FAE04EC0-301F-11D3-BF4B-00C04F79EFBC}") = "LibraryApp", "LibraryApp.csproj", "{C281765A-446D-47C9-B010-6BB8D1E8E535}"
EndProject
Global
	GlobalSection(SolutionConfigurationPlatforms) = preSolution
		Debug|Any CPU = Debug|Any CPU
		Release|Any CPU = Release|Any CPU
	EndGlobalSection
	GlobalSection(ProjectConfigurationPlatforms) = postSolution
		{C281765A-446D-47C9-B010-6BB8D1E8E535}.Debug|Any CPU.ActiveCfg = Debug|Any CPU
		{C281765A-446D-47C9-B010-6BB8D1E8E535}.Debug|Any CPU.Build.0 = Debug|Any CPU
		{C281765A-446D-47C9-B010-6BB8D1E8E535}.Release|Any CPU.ActiveCfg = Release|Any CPU
		{C281765A-446D-47C9-B010-6BB8D1E8E535}.Release|Any CPU.Build.0 = Release|Any CPU
	EndGlobalSection
	GlobalSection(SolutionProperties) = preSolution
		HideSolutionNode = FALSE
	EndGlobalSection
	GlobalSection(ExtensibilityGlobals) = postSolution
		SolutionGuid = {4D42F6FC-89C1-4A1C-9322-8F1863ECE8AB}
	EndGlobalSection
EndGlobal
